// !$*UTF8*$!
{
	archiveVersion = 1;
	classes = {
	};
	objectVersion = 46;
	objects = {

/* Begin PBXBuildFile section */
		97D779551496DE19005F4CFB /* UIKit.framework in Frameworks */ = {isa = PBXBuildFile; fileRef = 97D779541496DE19005F4CFB /* UIKit.framework */; };
		97D779571496DE19005F4CFB /* Foundation.framework in Frameworks */ = {isa = PBXBuildFile; fileRef = 97D779561496DE19005F4CFB /* Foundation.framework */; };
		97D779591496DE19005F4CFB /* CoreGraphics.framework in Frameworks */ = {isa = PBXBuildFile; fileRef = 97D779581496DE19005F4CFB /* CoreGraphics.framework */; };
		97D7795F1496DE19005F4CFB /* InfoPlist.strings in Resources */ = {isa = PBXBuildFile; fileRef = 97D7795D1496DE19005F4CFB /* InfoPlist.strings */; };
		97D779611496DE19005F4CFB /* main.m in Sources */ = {isa = PBXBuildFile; fileRef = 97D779601496DE19005F4CFB /* main.m */; };
		97D779651496DE19005F4CFB /* CenturyAppDelegate.m in Sources */ = {isa = PBXBuildFile; fileRef = 97D779641496DE19005F4CFB /* CenturyAppDelegate.m */; };
		97D779681496DE19005F4CFB /* MainStoryboard.storyboard in Resources */ = {isa = PBXBuildFile; fileRef = 97D779661496DE19005F4CFB /* MainStoryboard.storyboard */; };
		97D7797A1496E125005F4CFB /* icon-city.png in Resources */ = {isa = PBXBuildFile; fileRef = 97D779781496E125005F4CFB /* icon-city.png */; };
		97D7797B1496E125005F4CFB /* icon-map.png in Resources */ = {isa = PBXBuildFile; fileRef = 97D779791496E125005F4CFB /* icon-map.png */; };
		97D7797F1496E16E005F4CFB /* icon-film-roll.png in Resources */ = {isa = PBXBuildFile; fileRef = 97D7797E1496E16E005F4CFB /* icon-film-roll.png */; };
		97D779851496E571005F4CFB /* PersonListViewController.m in Sources */ = {isa = PBXBuildFile; fileRef = 97D779841496E571005F4CFB /* PersonListViewController.m */; };
		97D779881496E5AA005F4CFB /* PhotoListViewController.m in Sources */ = {isa = PBXBuildFile; fileRef = 97D779871496E5AA005F4CFB /* PhotoListViewController.m */; };
		97D7798B1496E733005F4CFB /* PhotoDetailViewController.m in Sources */ = {isa = PBXBuildFile; fileRef = 97D7798A1496E733005F4CFB /* PhotoDetailViewController.m */; };
		97D7798E1496E748005F4CFB /* PhotoEditViewController.m in Sources */ = {isa = PBXBuildFile; fileRef = 97D7798D1496E748005F4CFB /* PhotoEditViewController.m */; };
		97D779911496E77D005F4CFB /* FlickrListViewController.m in Sources */ = {isa = PBXBuildFile; fileRef = 97D779901496E77D005F4CFB /* FlickrListViewController.m */; };
		97D779941496E7DC005F4CFB /* RandomMapViewController.m in Sources */ = {isa = PBXBuildFile; fileRef = 97D779931496E7DC005F4CFB /* RandomMapViewController.m */; };
		97D7799714970006005F4CFB /* People.xcdatamodeld in Sources */ = {isa = PBXBuildFile; fileRef = 97D7799514970006005F4CFB /* People.xcdatamodeld */; };
		97D779A4149702DC005F4CFB /* Person.m in Sources */ = {isa = PBXBuildFile; fileRef = 97D779A3149702DC005F4CFB /* Person.m */; };
		97D779A7149702DC005F4CFB /* Photo.m in Sources */ = {isa = PBXBuildFile; fileRef = 97D779A6149702DC005F4CFB /* Photo.m */; };
		97D779A91497035A005F4CFB /* CoreData.framework in Frameworks */ = {isa = PBXBuildFile; fileRef = 97D779A81497035A005F4CFB /* CoreData.framework */; };
		97D779AD14970445005F4CFB /* FlickrFetcher.m in Sources */ = {isa = PBXBuildFile; fileRef = 97D779AC14970445005F4CFB /* FlickrFetcher.m */; settings = {COMPILER_FLAGS = "-fno-objc-arc"; }; };
		97D779AF149755B1005F4CFB /* Photos.plist in Resources */ = {isa = PBXBuildFile; fileRef = 97D779AE149755B1005F4CFB /* Photos.plist */; };
		97D779BD1497563D005F4CFB /* paper.jpg in Resources */ = {isa = PBXBuildFile; fileRef = 97D779B01497563C005F4CFB /* paper.jpg */; };
		97D779BE1497563D005F4CFB /* apples.jpg in Resources */ = {isa = PBXBuildFile; fileRef = 97D779B11497563D005F4CFB /* apples.jpg */; };
		97D779BF1497563D005F4CFB /* bananas.jpg in Resources */ = {isa = PBXBuildFile; fileRef = 97D779B21497563D005F4CFB /* bananas.jpg */; };
		97D779C01497563D005F4CFB /* caged.jpg in Resources */ = {isa = PBXBuildFile; fileRef = 97D779B31497563D005F4CFB /* caged.jpg */; };
		97D779C11497563D005F4CFB /* caged3.jpg in Resources */ = {isa = PBXBuildFile; fileRef = 97D779B41497563D005F4CFB /* caged3.jpg */; };
		97D779C21497563D005F4CFB /* drive.jpg in Resources */ = {isa = PBXBuildFile; fileRef = 97D779B51497563D005F4CFB /* drive.jpg */; };
		97D779C31497563D005F4CFB /* dust.jpg in Resources */ = {isa = PBXBuildFile; fileRef = 97D779B61497563D005F4CFB /* dust.jpg */; };
		97D779C41497563D005F4CFB /* enjoy.jpg in Resources */ = {isa = PBXBuildFile; fileRef = 97D779B71497563D005F4CFB /* enjoy.jpg */; };
		97D779C51497563D005F4CFB /* eyes.jpg in Resources */ = {isa = PBXBuildFile; fileRef = 97D779B81497563D005F4CFB /* eyes.jpg */; };
		97D779C61497563D005F4CFB /* fall.jpg in Resources */ = {isa = PBXBuildFile; fileRef = 97D779B91497563D005F4CFB /* fall.jpg */; };
		97D779C71497563D005F4CFB /* forestdark.jpg in Resources */ = {isa = PBXBuildFile; fileRef = 97D779BA1497563D005F4CFB /* forestdark.jpg */; };
		97D779C81497563D005F4CFB /* forestlight.jpg in Resources */ = {isa = PBXBuildFile; fileRef = 97D779BB1497563D005F4CFB /* forestlight.jpg */; };
		97D779C91497563D005F4CFB /* going.jpg in Resources */ = {isa = PBXBuildFile; fileRef = 97D779BC1497563D005F4CFB /* going.jpg */; };
		97D779D0149780F3005F4CFB /* MapKit.framework in Frameworks */ = {isa = PBXBuildFile; fileRef = 97D779CF149780F3005F4CFB /* MapKit.framework */; };
		97D779D31497832D005F4CFB /* CoreLocation.framework in Frameworks */ = {isa = PBXBuildFile; fileRef = 97D779D21497832D005F4CFB /* CoreLocation.framework */; };
		97D779D81497F467005F4CFB /* SVProgressHUD.bundle in Resources */ = {isa = PBXBuildFile; fileRef = 97D779D51497F467005F4CFB /* SVProgressHUD.bundle */; };
		97D779D91497F467005F4CFB /* SVProgressHUD.m in Sources */ = {isa = PBXBuildFile; fileRef = 97D779D71497F467005F4CFB /* SVProgressHUD.m */; };
		97D779DB1497F475005F4CFB /* QuartzCore.framework in Frameworks */ = {isa = PBXBuildFile; fileRef = 97D779DA1497F475005F4CFB /* QuartzCore.framework */; };
/* End PBXBuildFile section */

/* Begin PBXFileReference section */
		97D779501496DE19005F4CFB /* century.app */ = {isa = PBXFileReference; explicitFileType = wrapper.application; includeInIndex = 0; path = century.app; sourceTree = BUILT_PRODUCTS_DIR; };
		97D779541496DE19005F4CFB /* UIKit.framework */ = {isa = PBXFileReference; lastKnownFileType = wrapper.framework; name = UIKit.framework; path = System/Library/Frameworks/UIKit.framework; sourceTree = SDKROOT; };
		97D779561496DE19005F4CFB /* Foundation.framework */ = {isa = PBXFileReference; lastKnownFileType = wrapper.framework; name = Foundation.framework; path = System/Library/Frameworks/Foundation.framework; sourceTree = SDKROOT; };
		97D779581496DE19005F4CFB /* CoreGraphics.framework */ = {isa = PBXFileReference; lastKnownFileType = wrapper.framework; name = CoreGraphics.framework; path = System/Library/Frameworks/CoreGraphics.framework; sourceTree = SDKROOT; };
		97D7795C1496DE19005F4CFB /* century-Info.plist */ = {isa = PBXFileReference; lastKnownFileType = text.plist.xml; path = "century-Info.plist"; sourceTree = "<group>"; };
		97D7795E1496DE19005F4CFB /* en */ = {isa = PBXFileReference; lastKnownFileType = text.plist.strings; name = en; path = en.lproj/InfoPlist.strings; sourceTree = "<group>"; };
		97D779601496DE19005F4CFB /* main.m */ = {isa = PBXFileReference; lastKnownFileType = sourcecode.c.objc; path = main.m; sourceTree = "<group>"; };
		97D779621496DE19005F4CFB /* century-Prefix.pch */ = {isa = PBXFileReference; lastKnownFileType = sourcecode.c.h; path = "century-Prefix.pch"; sourceTree = "<group>"; };
		97D779631496DE19005F4CFB /* CenturyAppDelegate.h */ = {isa = PBXFileReference; lastKnownFileType = sourcecode.c.h; path = CenturyAppDelegate.h; sourceTree = "<group>"; };
		97D779641496DE19005F4CFB /* CenturyAppDelegate.m */ = {isa = PBXFileReference; lastKnownFileType = sourcecode.c.objc; path = CenturyAppDelegate.m; sourceTree = "<group>"; };
		97D779671496DE19005F4CFB /* en */ = {isa = PBXFileReference; lastKnownFileType = file.storyboard; name = en; path = en.lproj/MainStoryboard.storyboard; sourceTree = "<group>"; };
		97D779781496E125005F4CFB /* icon-city.png */ = {isa = PBXFileReference; lastKnownFileType = image.png; path = "icon-city.png"; sourceTree = "<group>"; };
		97D779791496E125005F4CFB /* icon-map.png */ = {isa = PBXFileReference; lastKnownFileType = image.png; path = "icon-map.png"; sourceTree = "<group>"; };
		97D7797E1496E16E005F4CFB /* icon-film-roll.png */ = {isa = PBXFileReference; lastKnownFileType = image.png; path = "icon-film-roll.png"; sourceTree = "<group>"; };
		97D779831496E571005F4CFB /* PersonListViewController.h */ = {isa = PBXFileReference; fileEncoding = 4; lastKnownFileType = sourcecode.c.h; path = PersonListViewController.h; sourceTree = "<group>"; };
		97D779841496E571005F4CFB /* PersonListViewController.m */ = {isa = PBXFileReference; fileEncoding = 4; lastKnownFileType = sourcecode.c.objc; path = PersonListViewController.m; sourceTree = "<group>"; };
		97D779861496E5AA005F4CFB /* PhotoListViewController.h */ = {isa = PBXFileReference; fileEncoding = 4; lastKnownFileType = sourcecode.c.h; path = PhotoListViewController.h; sourceTree = "<group>"; };
		97D779871496E5AA005F4CFB /* PhotoListViewController.m */ = {isa = PBXFileReference; fileEncoding = 4; lastKnownFileType = sourcecode.c.objc; path = PhotoListViewController.m; sourceTree = "<group>"; };
		97D779891496E733005F4CFB /* PhotoDetailViewController.h */ = {isa = PBXFileReference; fileEncoding = 4; lastKnownFileType = sourcecode.c.h; path = PhotoDetailViewController.h; sourceTree = "<group>"; };
		97D7798A1496E733005F4CFB /* PhotoDetailViewController.m */ = {isa = PBXFileReference; fileEncoding = 4; lastKnownFileType = sourcecode.c.objc; path = PhotoDetailViewController.m; sourceTree = "<group>"; };
		97D7798C1496E748005F4CFB /* PhotoEditViewController.h */ = {isa = PBXFileReference; fileEncoding = 4; lastKnownFileType = sourcecode.c.h; path = PhotoEditViewController.h; sourceTree = "<group>"; };
		97D7798D1496E748005F4CFB /* PhotoEditViewController.m */ = {isa = PBXFileReference; fileEncoding = 4; lastKnownFileType = sourcecode.c.objc; path = PhotoEditViewController.m; sourceTree = "<group>"; };
		97D7798F1496E77D005F4CFB /* FlickrListViewController.h */ = {isa = PBXFileReference; fileEncoding = 4; lastKnownFileType = sourcecode.c.h; path = FlickrListViewController.h; sourceTree = "<group>"; };
		97D779901496E77D005F4CFB /* FlickrListViewController.m */ = {isa = PBXFileReference; fileEncoding = 4; lastKnownFileType = sourcecode.c.objc; path = FlickrListViewController.m; sourceTree = "<group>"; };
		97D779921496E7DC005F4CFB /* RandomMapViewController.h */ = {isa = PBXFileReference; fileEncoding = 4; lastKnownFileType = sourcecode.c.h; path = RandomMapViewController.h; sourceTree = "<group>"; };
		97D779931496E7DC005F4CFB /* RandomMapViewController.m */ = {isa = PBXFileReference; fileEncoding = 4; lastKnownFileType = sourcecode.c.objc; path = RandomMapViewController.m; sourceTree = "<group>"; };
		97D7799614970006005F4CFB /* People.xcdatamodel */ = {isa = PBXFileReference; lastKnownFileType = wrapper.xcdatamodel; path = People.xcdatamodel; sourceTree = "<group>"; };
		97D779A2149702DC005F4CFB /* Person.h */ = {isa = PBXFileReference; fileEncoding = 4; lastKnownFileType = sourcecode.c.h; path = Person.h; sourceTree = "<group>"; };
		97D779A3149702DC005F4CFB /* Person.m */ = {isa = PBXFileReference; fileEncoding = 4; lastKnownFileType = sourcecode.c.objc; path = Person.m; sourceTree = "<group>"; };
		97D779A5149702DC005F4CFB /* Photo.h */ = {isa = PBXFileReference; fileEncoding = 4; lastKnownFileType = sourcecode.c.h; path = Photo.h; sourceTree = "<group>"; };
		97D779A6149702DC005F4CFB /* Photo.m */ = {isa = PBXFileReference; fileEncoding = 4; lastKnownFileType = sourcecode.c.objc; path = Photo.m; sourceTree = "<group>"; };
		97D779A81497035A005F4CFB /* CoreData.framework */ = {isa = PBXFileReference; lastKnownFileType = wrapper.framework; name = CoreData.framework; path = System/Library/Frameworks/CoreData.framework; sourceTree = SDKROOT; };
		97D779AB14970445005F4CFB /* FlickrFetcher.h */ = {isa = PBXFileReference; fileEncoding = 4; lastKnownFileType = sourcecode.c.h; path = FlickrFetcher.h; sourceTree = "<group>"; };
		97D779AC14970445005F4CFB /* FlickrFetcher.m */ = {isa = PBXFileReference; fileEncoding = 4; lastKnownFileType = sourcecode.c.objc; path = FlickrFetcher.m; sourceTree = "<group>"; };
		97D779AE149755B1005F4CFB /* Photos.plist */ = {isa = PBXFileReference; fileEncoding = 4; lastKnownFileType = text.plist.xml; path = Photos.plist; sourceTree = "<group>"; };
		97D779B01497563C005F4CFB /* paper.jpg */ = {isa = PBXFileReference; lastKnownFileType = image.jpeg; path = paper.jpg; sourceTree = "<group>"; };
		97D779B11497563D005F4CFB /* apples.jpg */ = {isa = PBXFileReference; lastKnownFileType = image.jpeg; path = apples.jpg; sourceTree = "<group>"; };
		97D779B21497563D005F4CFB /* bananas.jpg */ = {isa = PBXFileReference; lastKnownFileType = image.jpeg; path = bananas.jpg; sourceTree = "<group>"; };
		97D779B31497563D005F4CFB /* caged.jpg */ = {isa = PBXFileReference; lastKnownFileType = image.jpeg; path = caged.jpg; sourceTree = "<group>"; };
		97D779B41497563D005F4CFB /* caged3.jpg */ = {isa = PBXFileReference; lastKnownFileType = image.jpeg; path = caged3.jpg; sourceTree = "<group>"; };
		97D779B51497563D005F4CFB /* drive.jpg */ = {isa = PBXFileReference; lastKnownFileType = image.jpeg; path = drive.jpg; sourceTree = "<group>"; };
		97D779B61497563D005F4CFB /* dust.jpg */ = {isa = PBXFileReference; lastKnownFileType = image.jpeg; path = dust.jpg; sourceTree = "<group>"; };
		97D779B71497563D005F4CFB /* enjoy.jpg */ = {isa = PBXFileReference; lastKnownFileType = image.jpeg; path = enjoy.jpg; sourceTree = "<group>"; };
		97D779B81497563D005F4CFB /* eyes.jpg */ = {isa = PBXFileReference; lastKnownFileType = image.jpeg; path = eyes.jpg; sourceTree = "<group>"; };
		97D779B91497563D005F4CFB /* fall.jpg */ = {isa = PBXFileReference; lastKnownFileType = image.jpeg; path = fall.jpg; sourceTree = "<group>"; };
		97D779BA1497563D005F4CFB /* forestdark.jpg */ = {isa = PBXFileReference; lastKnownFileType = image.jpeg; path = forestdark.jpg; sourceTree = "<group>"; };
		97D779BB1497563D005F4CFB /* forestlight.jpg */ = {isa = PBXFileReference; lastKnownFileType = image.jpeg; path = forestlight.jpg; sourceTree = "<group>"; };
		97D779BC1497563D005F4CFB /* going.jpg */ = {isa = PBXFileReference; lastKnownFileType = image.jpeg; path = going.jpg; sourceTree = "<group>"; };
		97D779CF149780F3005F4CFB /* MapKit.framework */ = {isa = PBXFileReference; lastKnownFileType = wrapper.framework; name = MapKit.framework; path = System/Library/Frameworks/MapKit.framework; sourceTree = SDKROOT; };
		97D779D21497832D005F4CFB /* CoreLocation.framework */ = {isa = PBXFileReference; lastKnownFileType = wrapper.framework; name = CoreLocation.framework; path = System/Library/Frameworks/CoreLocation.framework; sourceTree = SDKROOT; };
		97D779D51497F467005F4CFB /* SVProgressHUD.bundle */ = {isa = PBXFileReference; lastKnownFileType = "wrapper.plug-in"; path = SVProgressHUD.bundle; sourceTree = "<group>"; };
		97D779D61497F467005F4CFB /* SVProgressHUD.h */ = {isa = PBXFileReference; fileEncoding = 4; lastKnownFileType = sourcecode.c.h; path = SVProgressHUD.h; sourceTree = "<group>"; };
		97D779D71497F467005F4CFB /* SVProgressHUD.m */ = {isa = PBXFileReference; fileEncoding = 4; lastKnownFileType = sourcecode.c.objc; path = SVProgressHUD.m; sourceTree = "<group>"; };
		97D779DA1497F475005F4CFB /* QuartzCore.framework */ = {isa = PBXFileReference; lastKnownFileType = wrapper.framework; name = QuartzCore.framework; path = System/Library/Frameworks/QuartzCore.framework; sourceTree = SDKROOT; };
/* End PBXFileReference section */

/* Begin PBXFrameworksBuildPhase section */
		97D7794D1496DE19005F4CFB /* Frameworks */ = {
			isa = PBXFrameworksBuildPhase;
			buildActionMask = 2147483647;
			files = (
				97D779DB1497F475005F4CFB /* QuartzCore.framework in Frameworks */,
				97D779D31497832D005F4CFB /* CoreLocation.framework in Frameworks */,
				97D779D0149780F3005F4CFB /* MapKit.framework in Frameworks */,
				97D779A91497035A005F4CFB /* CoreData.framework in Frameworks */,
				97D779551496DE19005F4CFB /* UIKit.framework in Frameworks */,
				97D779571496DE19005F4CFB /* Foundation.framework in Frameworks */,
				97D779591496DE19005F4CFB /* CoreGraphics.framework in Frameworks */,
			);
			runOnlyForDeploymentPostprocessing = 0;
		};
/* End PBXFrameworksBuildPhase section */

/* Begin PBXGroup section */
		97D779451496DE19005F4CFB = {
			isa = PBXGroup;
			children = (
				97D7795A1496DE19005F4CFB /* century */,
				97D779531496DE19005F4CFB /* Frameworks */,
				97D779511496DE19005F4CFB /* Products */,
			);
			sourceTree = "<group>";
		};
		97D779511496DE19005F4CFB /* Products */ = {
			isa = PBXGroup;
			children = (
				97D779501496DE19005F4CFB /* century.app */,
			);
			name = Products;
			sourceTree = "<group>";
		};
		97D779531496DE19005F4CFB /* Frameworks */ = {
			isa = PBXGroup;
			children = (
				97D779DA1497F475005F4CFB /* QuartzCore.framework */,
				97D779D21497832D005F4CFB /* CoreLocation.framework */,
				97D779CF149780F3005F4CFB /* MapKit.framework */,
				97D779A81497035A005F4CFB /* CoreData.framework */,
				97D779541496DE19005F4CFB /* UIKit.framework */,
				97D779561496DE19005F4CFB /* Foundation.framework */,
				97D779581496DE19005F4CFB /* CoreGraphics.framework */,
			);
			name = Frameworks;
			sourceTree = "<group>";
		};
		97D7795A1496DE19005F4CFB /* century */ = {
			isa = PBXGroup;
			children = (
				97D7799514970006005F4CFB /* People.xcdatamodeld */,
				97D7799E1497023A005F4CFB /* Model */,
				97D779631496DE19005F4CFB /* CenturyAppDelegate.h */,
				97D779641496DE19005F4CFB /* CenturyAppDelegate.m */,
				97D779661496DE19005F4CFB /* MainStoryboard.storyboard */,
				97D779771496DF21005F4CFB /* View Controllers */,
				97D779AA1497042F005F4CFB /* External Libraries */,
				97D7795B1496DE19005F4CFB /* Supporting Files */,
				97D7797C1496E129005F4CFB /* Resources */,
			);
			path = century;
			sourceTree = "<group>";
		};
		97D7795B1496DE19005F4CFB /* Supporting Files */ = {
			isa = PBXGroup;
			children = (
				97D7795C1496DE19005F4CFB /* century-Info.plist */,
				97D7795D1496DE19005F4CFB /* InfoPlist.strings */,
				97D779601496DE19005F4CFB /* main.m */,
				97D779621496DE19005F4CFB /* century-Prefix.pch */,
			);
			name = "Supporting Files";
			sourceTree = "<group>";
		};
		97D779771496DF21005F4CFB /* View Controllers */ = {
			isa = PBXGroup;
			children = (
				97D779831496E571005F4CFB /* PersonListViewController.h */,
				97D779841496E571005F4CFB /* PersonListViewController.m */,
				97D779861496E5AA005F4CFB /* PhotoListViewController.h */,
				97D779871496E5AA005F4CFB /* PhotoListViewController.m */,
				97D779891496E733005F4CFB /* PhotoDetailViewController.h */,
				97D7798A1496E733005F4CFB /* PhotoDetailViewController.m */,
				97D7798C1496E748005F4CFB /* PhotoEditViewController.h */,
				97D7798D1496E748005F4CFB /* PhotoEditViewController.m */,
				97D7798F1496E77D005F4CFB /* FlickrListViewController.h */,
				97D779901496E77D005F4CFB /* FlickrListViewController.m */,
				97D779921496E7DC005F4CFB /* RandomMapViewController.h */,
				97D779931496E7DC005F4CFB /* RandomMapViewController.m */,
			);
			name = "View Controllers";
			sourceTree = "<group>";
		};
		97D7797C1496E129005F4CFB /* Resources */ = {
			isa = PBXGroup;
			children = (
				97D779CA1497564C005F4CFB /* photos */,
				97D779AE149755B1005F4CFB /* Photos.plist */,
				97D7797D1496E136005F4CFB /* iconsandsuch */,
			);
			name = Resources;
			sourceTree = "<group>";
		};
		97D7797D1496E136005F4CFB /* iconsandsuch */ = {
			isa = PBXGroup;
			children = (
				97D7797E1496E16E005F4CFB /* icon-film-roll.png */,
				97D779781496E125005F4CFB /* icon-city.png */,
				97D779791496E125005F4CFB /* icon-map.png */,
			);
			name = iconsandsuch;
			sourceTree = "<group>";
		};
		97D7799E1497023A005F4CFB /* Model */ = {
			isa = PBXGroup;
			children = (
				97D779A5149702DC005F4CFB /* Photo.h */,
				97D779A6149702DC005F4CFB /* Photo.m */,
				97D779A2149702DC005F4CFB /* Person.h */,
				97D779A3149702DC005F4CFB /* Person.m */,
			);
			name = Model;
			sourceTree = "<group>";
		};
		97D779AA1497042F005F4CFB /* External Libraries */ = {
			isa = PBXGroup;
			children = (
				97D779D41497F467005F4CFB /* SVProgressHUD */,
				97D779AB14970445005F4CFB /* FlickrFetcher.h */,
				97D779AC14970445005F4CFB /* FlickrFetcher.m */,
			);
			name = "External Libraries";
			sourceTree = "<group>";
		};
		97D779CA1497564C005F4CFB /* photos */ = {
			isa = PBXGroup;
			children = (
				97D779B01497563C005F4CFB /* paper.jpg */,
				97D779B11497563D005F4CFB /* apples.jpg */,
				97D779B21497563D005F4CFB /* bananas.jpg */,
				97D779B31497563D005F4CFB /* caged.jpg */,
				97D779B41497563D005F4CFB /* caged3.jpg */,
				97D779B51497563D005F4CFB /* drive.jpg */,
				97D779B61497563D005F4CFB /* dust.jpg */,
				97D779B71497563D005F4CFB /* enjoy.jpg */,
				97D779B81497563D005F4CFB /* eyes.jpg */,
				97D779B91497563D005F4CFB /* fall.jpg */,
				97D779BA1497563D005F4CFB /* forestdark.jpg */,
				97D779BB1497563D005F4CFB /* forestlight.jpg */,
				97D779BC1497563D005F4CFB /* going.jpg */,
			);
			name = photos;
			sourceTree = "<group>";
		};
		97D779D41497F467005F4CFB /* SVProgressHUD */ = {
			isa = PBXGroup;
			children = (
				97D779D51497F467005F4CFB /* SVProgressHUD.bundle */,
				97D779D61497F467005F4CFB /* SVProgressHUD.h */,
				97D779D71497F467005F4CFB /* SVProgressHUD.m */,
			);
			path = SVProgressHUD;
			sourceTree = "<group>";
		};
/* End PBXGroup section */

/* Begin PBXNativeTarget section */
		97D7794F1496DE19005F4CFB /* century */ = {
			isa = PBXNativeTarget;
			buildConfigurationList = 97D7796E1496DE19005F4CFB /* Build configuration list for PBXNativeTarget "century" */;
			buildPhases = (
				97D7794C1496DE19005F4CFB /* Sources */,
				97D7794D1496DE19005F4CFB /* Frameworks */,
				97D7794E1496DE19005F4CFB /* Resources */,
			);
			buildRules = (
			);
			dependencies = (
			);
			name = century;
			productName = century;
			productReference = 97D779501496DE19005F4CFB /* century.app */;
			productType = "com.apple.product-type.application";
		};
/* End PBXNativeTarget section */

/* Begin PBXProject section */
		97D779471496DE19005F4CFB /* Project object */ = {
			isa = PBXProject;
			attributes = {
				LastUpgradeCheck = 0420;
				ORGANIZATIONNAME = MIT;
			};
			buildConfigurationList = 97D7794A1496DE19005F4CFB /* Build configuration list for PBXProject "century" */;
			compatibilityVersion = "Xcode 3.2";
			developmentRegion = English;
			hasScannedForEncodings = 0;
			knownRegions = (
				en,
			);
			mainGroup = 97D779451496DE19005F4CFB;
			productRefGroup = 97D779511496DE19005F4CFB /* Products */;
			projectDirPath = "";
			projectRoot = "";
			targets = (
				97D7794F1496DE19005F4CFB /* century */,
			);
		};
/* End PBXProject section */

/* Begin PBXResourcesBuildPhase section */
		97D7794E1496DE19005F4CFB /* Resources */ = {
			isa = PBXResourcesBuildPhase;
			buildActionMask = 2147483647;
			files = (
				97D7795F1496DE19005F4CFB /* InfoPlist.strings in Resources */,
				97D779681496DE19005F4CFB /* MainStoryboard.storyboard in Resources */,
				97D7797A1496E125005F4CFB /* icon-city.png in Resources */,
				97D7797B1496E125005F4CFB /* icon-map.png in Resources */,
				97D7797F1496E16E005F4CFB /* icon-film-roll.png in Resources */,
				97D779AF149755B1005F4CFB /* Photos.plist in Resources */,
				97D779BD1497563D005F4CFB /* paper.jpg in Resources */,
				97D779BE1497563D005F4CFB /* apples.jpg in Resources */,
				97D779BF1497563D005F4CFB /* bananas.jpg in Resources */,
				97D779C01497563D005F4CFB /* caged.jpg in Resources */,
				97D779C11497563D005F4CFB /* caged3.jpg in Resources */,
				97D779C21497563D005F4CFB /* drive.jpg in Resources */,
				97D779C31497563D005F4CFB /* dust.jpg in Resources */,
				97D779C41497563D005F4CFB /* enjoy.jpg in Resources */,
				97D779C51497563D005F4CFB /* eyes.jpg in Resources */,
				97D779C61497563D005F4CFB /* fall.jpg in Resources */,
				97D779C71497563D005F4CFB /* forestdark.jpg in Resources */,
				97D779C81497563D005F4CFB /* forestlight.jpg in Resources */,
				97D779C91497563D005F4CFB /* going.jpg in Resources */,
				97D779D81497F467005F4CFB /* SVProgressHUD.bundle in Resources */,
			);
			runOnlyForDeploymentPostprocessing = 0;
		};
/* End PBXResourcesBuildPhase section */

/* Begin PBXSourcesBuildPhase section */
		97D7794C1496DE19005F4CFB /* Sources */ = {
			isa = PBXSourcesBuildPhase;
			buildActionMask = 2147483647;
			files = (
				97D779611496DE19005F4CFB /* main.m in Sources */,
				97D779651496DE19005F4CFB /* CenturyAppDelegate.m in Sources */,
				97D779851496E571005F4CFB /* PersonListViewController.m in Sources */,
				97D779881496E5AA005F4CFB /* PhotoListViewController.m in Sources */,
				97D7798B1496E733005F4CFB /* PhotoDetailViewController.m in Sources */,
				97D7798E1496E748005F4CFB /* PhotoEditViewController.m in Sources */,
				97D779911496E77D005F4CFB /* FlickrListViewController.m in Sources */,
				97D779941496E7DC005F4CFB /* RandomMapViewController.m in Sources */,
				97D7799714970006005F4CFB /* People.xcdatamodeld in Sources */,
				97D779A4149702DC005F4CFB /* Person.m in Sources */,
				97D779A7149702DC005F4CFB /* Photo.m in Sources */,
				97D779AD14970445005F4CFB /* FlickrFetcher.m in Sources */,
				97D779D91497F467005F4CFB /* SVProgressHUD.m in Sources */,
			);
			runOnlyForDeploymentPostprocessing = 0;
		};
/* End PBXSourcesBuildPhase section */

/* Begin PBXVariantGroup section */
		97D7795D1496DE19005F4CFB /* InfoPlist.strings */ = {
			isa = PBXVariantGroup;
			children = (
				97D7795E1496DE19005F4CFB /* en */,
			);
			name = InfoPlist.strings;
			sourceTree = "<group>";
		};
		97D779661496DE19005F4CFB /* MainStoryboard.storyboard */ = {
			isa = PBXVariantGroup;
			children = (
				97D779671496DE19005F4CFB /* en */,
			);
			name = MainStoryboard.storyboard;
			sourceTree = "<group>";
		};
/* End PBXVariantGroup section */

/* Begin XCBuildConfiguration section */
		97D7796C1496DE19005F4CFB /* Debug */ = {
			isa = XCBuildConfiguration;
			buildSettings = {
				ALWAYS_SEARCH_USER_PATHS = NO;
				ARCHS = "$(ARCHS_STANDARD_32_BIT)";
				CLANG_ENABLE_OBJC_ARC = YES;
				"CODE_SIGN_IDENTITY[sdk=iphoneos*]" = "iPhone Developer";
				COPY_PHASE_STRIP = NO;
				GCC_C_LANGUAGE_STANDARD = gnu99;
				GCC_DYNAMIC_NO_PIC = NO;
				GCC_OPTIMIZATION_LEVEL = 0;
				GCC_PREPROCESSOR_DEFINITIONS = (
					"DEBUG=1",
					"$(inherited)",
				);
				GCC_SYMBOLS_PRIVATE_EXTERN = NO;
				GCC_VERSION = com.apple.compilers.llvm.clang.1_0;
				GCC_WARN_ABOUT_MISSING_PROTOTYPES = YES;
				GCC_WARN_ABOUT_RETURN_TYPE = YES;
				GCC_WARN_UNUSED_VARIABLE = YES;
				IPHONEOS_DEPLOYMENT_TARGET = 5.0;
				SDKROOT = iphoneos;
			};
			name = Debug;
		};
		97D7796D1496DE19005F4CFB /* Release */ = {
			isa = XCBuildConfiguration;
			buildSettings = {
				ALWAYS_SEARCH_USER_PATHS = NO;
				ARCHS = "$(ARCHS_STANDARD_32_BIT)";
				CLANG_ENABLE_OBJC_ARC = YES;
				"CODE_SIGN_IDENTITY[sdk=iphoneos*]" = "iPhone Developer";
				COPY_PHASE_STRIP = YES;
				GCC_C_LANGUAGE_STANDARD = gnu99;
				GCC_VERSION = com.apple.compilers.llvm.clang.1_0;
				GCC_WARN_ABOUT_MISSING_PROTOTYPES = YES;
				GCC_WARN_ABOUT_RETURN_TYPE = YES;
				GCC_WARN_UNUSED_VARIABLE = YES;
				IPHONEOS_DEPLOYMENT_TARGET = 5.0;
				OTHER_CFLAGS = "-DNS_BLOCK_ASSERTIONS=1";
				SDKROOT = iphoneos;
				VALIDATE_PRODUCT = YES;
			};
			name = Release;
		};
		97D7796F1496DE19005F4CFB /* Debug */ = {
			isa = XCBuildConfiguration;
			buildSettings = {
				GCC_PRECOMPILE_PREFIX_HEADER = YES;
				GCC_PREFIX_HEADER = "century/century-Prefix.pch";
				INFOPLIST_FILE = "century/century-Info.plist";
				PRODUCT_NAME = "$(TARGET_NAME)";
				WRAPPER_EXTENSION = app;
			};
			name = Debug;
		};
		97D779701496DE19005F4CFB /* Release */ = {
			isa = XCBuildConfiguration;
			buildSettings = {
				GCC_PRECOMPILE_PREFIX_HEADER = YES;
				GCC_PREFIX_HEADER = "century/century-Prefix.pch";
				INFOPLIST_FILE = "century/century-Info.plist";
				PRODUCT_NAME = "$(TARGET_NAME)";
				WRAPPER_EXTENSION = app;
			};
			name = Release;
		};
/* End XCBuildConfiguration section */

/* Begin XCConfigurationList section */
		97D7794A1496DE19005F4CFB /* Build configuration list for PBXProject "century" */ = {
			isa = XCConfigurationList;
			buildConfigurations = (
				97D7796C1496DE19005F4CFB /* Debug */,
				97D7796D1496DE19005F4CFB /* Release */,
			);
			defaultConfigurationIsVisible = 0;
			defaultConfigurationName = Release;
		};
		97D7796E1496DE19005F4CFB /* Build configuration list for PBXNativeTarget "century" */ = {
			isa = XCConfigurationList;
			buildConfigurations = (
				97D7796F1496DE19005F4CFB /* Debug */,
				97D779701496DE19005F4CFB /* Release */,
			);
			defaultConfigurationIsVisible = 0;
			defaultConfigurationName = Release;
		};
/* End XCConfigurationList section */

/* Begin XCVersionGroup section */
		97D7799514970006005F4CFB /* People.xcdatamodeld */ = {
			isa = XCVersionGroup;
			children = (
				97D7799614970006005F4CFB /* People.xcdatamodel */,
			);
			currentVersion = 97D7799614970006005F4CFB /* People.xcdatamodel */;
			name = People.xcdatamodeld;
			path = ../People.xcdatamodeld;
			sourceTree = "<group>";
			versionGroupType = wrapper.xcdatamodel;
		};
/* End XCVersionGroup section */
	};
	rootObject = 97D779471496DE19005F4CFB /* Project object */;
}
